
Microsoft Visual Studio Solution File, Format Version 12.00
# Visual Studio 2012
Project("{8BC9CEB8-8B4A-11D0-8D11-00A0C91BC942}") = "empty", "empty\empty.vcxproj", "{A3103865-9C7D-419E-99E7-F26A955F7267}"
EndProject
Global
	GlobalSection(SolutionConfigurationPlatforms) = preSolution
		Debug|Win32 = Debug|Win32
		Release|Win32 = Release|Win32
	EndGlobalSection
	GlobalSection(ProjectConfigurationPlatforms) = postSolution
		{A3103865-9C7D-419E-99E7-F26A955F7267}.Debug|Win32.ActiveCfg = Debug|Win32
		{A3103865-9C7D-419E-99E7-F26A955F7267}.Debug|Win32.Build.0 = Debug|Win32
		{A3103865-9C7D-419E-99E7-F26A955F7267}.Release|Win32.ActiveCfg = Release|Win32
		{A3103865-9C7D-419E-99E7-F26A955F7267}.Release|Win32.Build.0 = Release|Win32
	EndGlobalSection
	GlobalSection(SolutionProperties) = preSolution
		HideSolutionNode = FALSE
	EndGlobalSection
EndGlobal
